{
  "name": "cidas",
  "version": "1.0.0",
  "lockfileVersion": 3,
  "requires": true,
  "packages": {
    "": {
      "name": "cidas",
      "version": "1.0.0",
      "license": "ISC",
      "dependencies": {
        "lodahs": "^0.0.1-security",
        "lodash": "^4.18.1"
      }
    },
    "node_modules/lodahs": {
      "version": "0.0.1-security",
      "resolved": "https://registry.npmjs.org/lodahs/-/lodahs-0.0.1-security.tgz",
      "integrity": "sha512-4sdlXpUyy6JJRQKC0hbVDxdSOgoc6qauTM02/AEOa/x8QTfBWtB3zhArWMnTakK4IQ2x1Dv3pt04Ye0r5TkBZQ=="
    },
    "node_modules/lodash": {
      "version": "4.18.1",
      "resolved": "https://registry.npmjs.org/lodash/-/lodash-4.18.1.tgz",
      "integrity": "sha512-dMInicTPVE8d1e5otfwmmjlxkZoUpiVLwyeTdUsi/Caj/gfzzblBcCE5sRHV/AsjuCmxWrte2TNGSYuCeCq+0Q==",
      "license": "MIT"
    }
  }
}
